{
  "name": "jaarc-backend",
  "version": "1.0.0",
  "lockfileVersion": 3,
  "requires": true,
  "packages": {
    "": {
      "name": "jaarc-backend",
      "version": "1.0.0",
      "hasInstallScript": true,
      "dependencies": {
        "@prisma/adapter-pg": "...",
        "@prisma/client": "...",
        "@types/bcrypt": "file:...",
        "@types/cors": "file:...",
        "@types/express": "file:...",
        "@types/jsonwebtoken": "file:...",
        "@types/multer": "file:...",
        "@types/node": "file:...",
        "bcrypt": "...",
        "cloudinary": "...",
        "cors": "...",
        "dotenv": "...",
        "express": "...",
        "express-rate-limit": "...",
        "helmet": "...",
        "jsonwebtoken": "...",
        "multer": "...",
        "pino": "...",
        "pino-http": "...",
        "prisma": "file:...",
        "resend": "...",
        "tsx": "file:...",
        "typescript": "file:...",
        "zod": "..."
      },
      "devDependencies": {
        "@eslint/js": "...",
        "eslint": "...",
        "eslint-config-prettier": "...",
        "pino-pretty": "...",
        "prettier": "...",
        "typescript-eslint": "..."
      },
      "engines": {
        "node": ">=20.0.0"
      }
    },
    "...": {},
    "node_modules/@eslint/js": {
      "resolved": "...",
      "link": true
    },
    "node_modules/@prisma/adapter-pg": {
      "resolved": "...",
      "link": true
    },
    "node_modules/@prisma/client": {
      "resolved": "...",
      "link": true
    },
    "node_modules/@types/bcrypt": {
      "resolved": "...",
      "link": true
    },
    "node_modules/@types/cors": {
      "resolved": "...",
      "link": true
    },
    "node_modules/@types/express": {
      "resolved": "...",
      "link": true
    },
    "node_modules/@types/jsonwebtoken": {
      "resolved": "...",
      "link": true
    },
    "node_modules/@types/multer": {
      "resolved": "...",
      "link": true
    },
    "node_modules/@types/node": {
      "resolved": "...",
      "link": true
    },
    "node_modules/bcrypt": {
      "resolved": "...",
      "link": true
    },
    "node_modules/cloudinary": {
      "resolved": "...",
      "link": true
    },
    "node_modules/cors": {
      "resolved": "...",
      "link": true
    },
    "node_modules/dotenv": {
      "resolved": "...",
      "link": true
    },
    "node_modules/eslint": {
      "resolved": "...",
      "link": true
    },
    "node_modules/eslint-config-prettier": {
      "resolved": "...",
      "link": true
    },
    "node_modules/express": {
      "resolved": "...",
      "link": true
    },
    "node_modules/express-rate-limit": {
      "resolved": "...",
      "link": true
    },
    "node_modules/helmet": {
      "resolved": "...",
      "link": true
    },
    "node_modules/jsonwebtoken": {
      "resolved": "...",
      "link": true
    },
    "node_modules/multer": {
      "resolved": "...",
      "link": true
    },
    "node_modules/pino": {
      "resolved": "...",
      "link": true
    },
    "node_modules/pino-http": {
      "resolved": "...",
      "link": true
    },
    "node_modules/pino-pretty": {
      "resolved": "...",
      "link": true
    },
    "node_modules/prettier": {
      "resolved": "...",
      "link": true
    },
    "node_modules/prisma": {
      "resolved": "...",
      "link": true
    },
    "node_modules/resend": {
      "resolved": "...",
      "link": true
    },
    "node_modules/tsx": {
      "resolved": "...",
      "link": true
    },
    "node_modules/typescript": {
      "resolved": "...",
      "link": true
    },
    "node_modules/typescript-eslint": {
      "resolved": "...",
      "link": true
    },
    "node_modules/zod": {
      "resolved": "...",
      "link": true
    }
  }
}
